
Microsoft Visual Studio Solution File, Format Version 12.00
# Visual Studio Version 17
VisualStudioVersion = 17.8.34408.163
MinimumVisualStudioVersion = 10.0.40219.1
Project("{2150E333-8FDC-42A3-9474-1A3956D46DE8}") = "Services", "Services", "{B5BFF034-CA54-427C-B7CE-9C0BB65C5A0D}"
EndProject
Project("{2150E333-8FDC-42A3-9474-1A3956D46DE8}") = "Catalog", "Catalog", "{5C4D4D4E-3B6C-4B12-BC95-AF41C8FF3EEC}"
EndProject
Project("{9A19103F-16F7-4668-BE54-9A1E7A4F7556}") = "Catalog.API", "Services\Catalog\Catalog.API\Catalog.API.csproj", "{B39E950B-EDA6-4D94-85F5-93ED1FD03CF1}"
EndProject
Project("{2150E333-8FDC-42A3-9474-1A3956D46DE8}") = "BuildingBlocks", "BuildingBlocks", "{0CB8C063-EE8E-46F7-B20B-A68C529DEF82}"
EndProject
Project("{9A19103F-16F7-4668-BE54-9A1E7A4F7556}") = "BuildingBlocks", "BuildingBlocks\BuildingBlocks\BuildingBlocks.csproj", "{BDC2CC46-602A-4FC3-AF32-C13E632EC174}"
EndProject
Project("{E53339B2-1760-4266-BCC7-CA923CBCF16C}") = "docker-compose", "docker-compose.dcproj", "{81DDED9D-158B-E303-5F62-77A2896D2A5A}"
EndProject
Project("{2150E333-8FDC-42A3-9474-1A3956D46DE8}") = "Basket", "Basket", "{02EA681E-C7D8-13C7-8484-4AC65E1B71E8}"
EndProject
Project("{FAE04EC0-301F-11D3-BF4B-00C04F79EFBC}") = "Basket.API", "Services\Basket.API\Basket.API.csproj", "{2C9EE73B-ACB2-4667-8597-FB26F4EDC859}"
EndProject
Project("{2150E333-8FDC-42A3-9474-1A3956D46DE8}") = "Discount", "Discount", "{FBA099F8-273D-4498-AD38-CCCDC3BAFB6E}"
EndProject
Project("{FAE04EC0-301F-11D3-BF4B-00C04F79EFBC}") = "Discount.Grpc", "Services\Discount\Discount.Grpc\Discount.Grpc.csproj", "{DEB52460-415B-4046-B410-2D467BC12338}"
EndProject
Project("{2150E333-8FDC-42A3-9474-1A3956D46DE8}") = "Ordering", "Ordering", "{98E25035-6A42-4B41-AA4C-A89C62164D18}"
EndProject
Project("{FAE04EC0-301F-11D3-BF4B-00C04F79EFBC}") = "Ordering.API", "Services\Ordering\Ordering.API\Ordering.API.csproj", "{D394B8EA-3C66-443A-824D-CE3DD22F7724}"
EndProject
Project("{FAE04EC0-301F-11D3-BF4B-00C04F79EFBC}") = "Ordering.Domain", "Services\Ordering\Ordering.Domain\Ordering.Domain.csproj", "{C7CA3092-7E04-4F77-AE5E-579DDB0E2CC5}"
EndProject
Project("{FAE04EC0-301F-11D3-BF4B-00C04F79EFBC}") = "Ordering.Application", "Services\Ordering\Ordering.Application\Ordering.Application.csproj", "{313BF231-1CC9-449A-8BE1-2C62DC1CEA2B}"
EndProject
Project("{FAE04EC0-301F-11D3-BF4B-00C04F79EFBC}") = "Ordering.Infrastructure", "Services\Ordering\Ordering.Infrastructure\Ordering.Infrastructure.csproj", "{520F0AE6-23B8-46BD-BC4D-64F078E9FEC5}"
EndProject
Project("{FAE04EC0-301F-11D3-BF4B-00C04F79EFBC}") = "BuildingBlocks.Messaging", "BuildingBlocks\BuildingBlocks.Messaging\BuildingBlocks.Messaging.csproj", "{AF53E2FD-58F0-4901-B592-17C55767C7CE}"
EndProject
Global
	GlobalSection(SolutionConfigurationPlatforms) = preSolution
		Debug|Any CPU = Debug|Any CPU
		Release|Any CPU = Release|Any CPU
	EndGlobalSection
	GlobalSection(ProjectConfigurationPlatforms) = postSolution
		{B39E950B-EDA6-4D94-85F5-93ED1FD03CF1}.Debug|Any CPU.ActiveCfg = Debug|Any CPU
		{B39E950B-EDA6-4D94-85F5-93ED1FD03CF1}.Debug|Any CPU.Build.0 = Debug|Any CPU
		{B39E950B-EDA6-4D94-85F5-93ED1FD03CF1}.Release|Any CPU.ActiveCfg = Release|Any CPU
		{B39E950B-EDA6-4D94-85F5-93ED1FD03CF1}.Release|Any CPU.Build.0 = Release|Any CPU
		{BDC2CC46-602A-4FC3-AF32-C13E632EC174}.Debug|Any CPU.ActiveCfg = Debug|Any CPU
		{BDC2CC46-602A-4FC3-AF32-C13E632EC174}.Debug|Any CPU.Build.0 = Debug|Any CPU
		{BDC2CC46-602A-4FC3-AF32-C13E632EC174}.Release|Any CPU.ActiveCfg = Release|Any CPU
		{BDC2CC46-602A-4FC3-AF32-C13E632EC174}.Release|Any CPU.Build.0 = Release|Any CPU
		{81DDED9D-158B-E303-5F62-77A2896D2A5A}.Debug|Any CPU.ActiveCfg = Debug|Any CPU
		{81DDED9D-158B-E303-5F62-77A2896D2A5A}.Debug|Any CPU.Build.0 = Debug|Any CPU
		{81DDED9D-158B-E303-5F62-77A2896D2A5A}.Release|Any CPU.ActiveCfg = Release|Any CPU
		{81DDED9D-158B-E303-5F62-77A2896D2A5A}.Release|Any CPU.Build.0 = Release|Any CPU
		{2C9EE73B-ACB2-4667-8597-FB26F4EDC859}.Debug|Any CPU.ActiveCfg = Debug|Any CPU
		{2C9EE73B-ACB2-4667-8597-FB26F4EDC859}.Debug|Any CPU.Build.0 = Debug|Any CPU
		{2C9EE73B-ACB2-4667-8597-FB26F4EDC859}.Release|Any CPU.ActiveCfg = Release|Any CPU
		{2C9EE73B-ACB2-4667-8597-FB26F4EDC859}.Release|Any CPU.Build.0 = Release|Any CPU
		{DEB52460-415B-4046-B410-2D467BC12338}.Debug|Any CPU.ActiveCfg = Debug|Any CPU
		{DEB52460-415B-4046-B410-2D467BC12338}.Debug|Any CPU.Build.0 = Debug|Any CPU
		{DEB52460-415B-4046-B410-2D467BC12338}.Release|Any CPU.ActiveCfg = Release|Any CPU
		{DEB52460-415B-4046-B410-2D467BC12338}.Release|Any CPU.Build.0 = Release|Any CPU
		{D394B8EA-3C66-443A-824D-CE3DD22F7724}.Debug|Any CPU.ActiveCfg = Debug|Any CPU
		{D394B8EA-3C66-443A-824D-CE3DD22F7724}.Debug|Any CPU.Build.0 = Debug|Any CPU
		{D394B8EA-3C66-443A-824D-CE3DD22F7724}.Release|Any CPU.ActiveCfg = Release|Any CPU
		{D394B8EA-3C66-443A-824D-CE3DD22F7724}.Release|Any CPU.Build.0 = Release|Any CPU
		{C7CA3092-7E04-4F77-AE5E-579DDB0E2CC5}.Debug|Any CPU.ActiveCfg = Debug|Any CPU
		{C7CA3092-7E04-4F77-AE5E-579DDB0E2CC5}.Debug|Any CPU.Build.0 = Debug|Any CPU
		{C7CA3092-7E04-4F77-AE5E-579DDB0E2CC5}.Release|Any CPU.ActiveCfg = Release|Any CPU
		{C7CA3092-7E04-4F77-AE5E-579DDB0E2CC5}.Release|Any CPU.Build.0 = Release|Any CPU
		{313BF231-1CC9-449A-8BE1-2C62DC1CEA2B}.Debug|Any CPU.ActiveCfg = Debug|Any CPU
		{313BF231-1CC9-449A-8BE1-2C62DC1CEA2B}.Debug|Any CPU.Build.0 = Debug|Any CPU
		{313BF231-1CC9-449A-8BE1-2C62DC1CEA2B}.Release|Any CPU.ActiveCfg = Release|Any CPU
		{313BF231-1CC9-449A-8BE1-2C62DC1CEA2B}.Release|Any CPU.Build.0 = Release|Any CPU
		{520F0AE6-23B8-46BD-BC4D-64F078E9FEC5}.Debug|Any CPU.ActiveCfg = Debug|Any CPU
		{520F0AE6-23B8-46BD-BC4D-64F078E9FEC5}.Debug|Any CPU.Build.0 = Debug|Any CPU
		{520F0AE6-23B8-46BD-BC4D-64F078E9FEC5}.Release|Any CPU.ActiveCfg = Release|Any CPU
		{520F0AE6-23B8-46BD-BC4D-64F078E9FEC5}.Release|Any CPU.Build.0 = Release|Any CPU
		{AF53E2FD-58F0-4901-B592-17C55767C7CE}.Debug|Any CPU.ActiveCfg = Debug|Any CPU
		{AF53E2FD-58F0-4901-B592-17C55767C7CE}.Debug|Any CPU.Build.0 = Debug|Any CPU
		{AF53E2FD-58F0-4901-B592-17C55767C7CE}.Release|Any CPU.ActiveCfg = Release|Any CPU
		{AF53E2FD-58F0-4901-B592-17C55767C7CE}.Release|Any CPU.Build.0 = Release|Any CPU
	EndGlobalSection
	GlobalSection(SolutionProperties) = preSolution
		HideSolutionNode = FALSE
	EndGlobalSection
	GlobalSection(NestedProjects) = preSolution
		{5C4D4D4E-3B6C-4B12-BC95-AF41C8FF3EEC} = {B5BFF034-CA54-427C-B7CE-9C0BB65C5A0D}
		{B39E950B-EDA6-4D94-85F5-93ED1FD03CF1} = {5C4D4D4E-3B6C-4B12-BC95-AF41C8FF3EEC}
		{BDC2CC46-602A-4FC3-AF32-C13E632EC174} = {0CB8C063-EE8E-46F7-B20B-A68C529DEF82}
		{02EA681E-C7D8-13C7-8484-4AC65E1B71E8} = {B5BFF034-CA54-427C-B7CE-9C0BB65C5A0D}
		{2C9EE73B-ACB2-4667-8597-FB26F4EDC859} = {02EA681E-C7D8-13C7-8484-4AC65E1B71E8}
		{FBA099F8-273D-4498-AD38-CCCDC3BAFB6E} = {B5BFF034-CA54-427C-B7CE-9C0BB65C5A0D}
		{DEB52460-415B-4046-B410-2D467BC12338} = {FBA099F8-273D-4498-AD38-CCCDC3BAFB6E}
		{98E25035-6A42-4B41-AA4C-A89C62164D18} = {B5BFF034-CA54-427C-B7CE-9C0BB65C5A0D}
		{D394B8EA-3C66-443A-824D-CE3DD22F7724} = {98E25035-6A42-4B41-AA4C-A89C62164D18}
		{C7CA3092-7E04-4F77-AE5E-579DDB0E2CC5} = {98E25035-6A42-4B41-AA4C-A89C62164D18}
		{313BF231-1CC9-449A-8BE1-2C62DC1CEA2B} = {98E25035-6A42-4B41-AA4C-A89C62164D18}
		{520F0AE6-23B8-46BD-BC4D-64F078E9FEC5} = {98E25035-6A42-4B41-AA4C-A89C62164D18}
		{AF53E2FD-58F0-4901-B592-17C55767C7CE} = {0CB8C063-EE8E-46F7-B20B-A68C529DEF82}
	EndGlobalSection
	GlobalSection(ExtensibilityGlobals) = postSolution
		SolutionGuid = {C4C1ECE9-A4AD-4FED-B0FC-7EA1636ACABF}
	EndGlobalSection
EndGlobal
